Microsoft Visual Studio Solution File, Format Version 12.00
# Visual Studio Version 17
VisualStudioVersion = 17.14.35806.103
MinimumVisualStudioVersion = 10.0.40219.1
Project("{FAE04EC0-301F-11D3-BF4B-00C04F79EFBC}") = "ImageLinkFetch", "ImageLinkFetch\ImageLinkFetch.csproj", "{48790A1C-A045-416D-9EC8-B919A44BAC14}"
EndProject
Global
	GlobalSection(SolutionConfigurationPlatforms) = preSolution
		Debug|Any CPU = Debug|Any CPU
		Release|Any CPU = Release|Any CPU
	EndGlobalSection
	GlobalSection(ProjectConfigurationPlatforms) = postSolution
		{48790A1C-A045-416D-9EC8-B919A44BAC14}.Debug|Any CPU.ActiveCfg = Debug|Any CPU
		{48790A1C-A045-416D-9EC8-B919A44BAC14}.Debug|Any CPU.Build.0 = Debug|Any CPU
		{48790A1C-A045-416D-9EC8-B919A44BAC14}.Release|Any CPU.ActiveCfg = Release|Any CPU
		{48790A1C-A045-416D-9EC8-B919A44BAC14}.Release|Any CPU.Build.0 = Release|Any CPU
	EndGlobalSection
	GlobalSection(SolutionProperties) = preSolution
		HideSolutionNode = FALSE
	EndGlobalSection
	GlobalSection(ExtensibilityGlobals) = postSolution
		SolutionGuid = {1C67A1AE-CD7E-480F-99CF-BE6431DDBEFF}
	EndGlobalSection
EndGlobal
